// !$*UTF8*$!
{
	archiveVersion = 1;
	classes = {
	};
	objectVersion = 77;
	objects = {

/* Begin PBXFileReference section */
		4B65E9042E4E3F2E00461661 /* mouseMaze.cpp */ = {isa = PBXFileReference; lastKnownFileType = sourcecode.cpp.cpp; path = mouseMaze.cpp; sourceTree = "<group>"; };
/* End PBXFileReference section */

/* Begin PBXGroup section */
		4B65E8FD2E4E3F2800461661 = {
			isa = PBXGroup;
			children = (
				4B65E9042E4E3F2E00461661 /* mouseMaze.cpp */,
			);
			sourceTree = "<group>";
		};
/* End PBXGroup section */

/* Begin PBXProject section */
		4B65E8FE2E4E3F2800461661 /* Project object */ = {
			isa = PBXProject;
			attributes = {
				BuildIndependentTargetsInParallel = 1;
				LastUpgradeCheck = 1640;
			};
			buildConfigurationList = 4B65E9012E4E3F2800461661 /* Build configuration list for PBXProject "mouseMaze.cpp" */;
			developmentRegion = en;
			hasScannedForEncodings = 0;
			knownRegions = (
				en,
				Base,
			);
			mainGroup = 4B65E8FD2E4E3F2800461661;
			minimizedProjectReferenceProxies = 1;
			preferredProjectObjectVersion = 77;
			projectDirPath = "";
			projectRoot = "";
			targets = (
			);
		};
/* End PBXProject section */

/* Begin XCBuildConfiguration section */
		4B65E9022E4E3F2800461661 /* Debug */ = {
			isa = XCBuildConfiguration;
			buildSettings = {
			};
			name = Debug;
		};
		4B65E9032E4E3F2800461661 /* Release */ = {
			isa = XCBuildConfiguration;
			buildSettings = {
			};
			name = Release;
		};
/* End XCBuildConfiguration section */

/* Begin XCConfigurationList section */
		4B65E9012E4E3F2800461661 /* Build configuration list for PBXProject "mouseMaze.cpp" */ = {
			isa = XCConfigurationList;
			buildConfigurations = (
				4B65E9022E4E3F2800461661 /* Debug */,
				4B65E9032E4E3F2800461661 /* Release */,
			);
			defaultConfigurationIsVisible = 0;
			defaultConfigurationName = Release;
		};
/* End XCConfigurationList section */
	};
	rootObject = 4B65E8FE2E4E3F2800461661 /* Project object */;
}
